
Microsoft Visual Studio Solution File, Format Version 12.00
# Visual Studio 15
VisualStudioVersion = 15.0.27428.2043
MinimumVisualStudioVersion = 10.0.40219.1
Project("{FAE04EC0-301F-11D3-BF4B-00C04F79EFBC}") = "QueryViewer", "QueryViewer\QueryViewer.csproj", "{67F3692F-8BD2-4A1D-8D8E-63C2A01E79D9}"
EndProject
Global
	GlobalSection(SolutionConfigurationPlatforms) = preSolution
		Debug|Any CPU = Debug|Any CPU
		Release|Any CPU = Release|Any CPU
	EndGlobalSection
	GlobalSection(ProjectConfigurationPlatforms) = postSolution
		{67F3692F-8BD2-4A1D-8D8E-63C2A01E79D9}.Debug|Any CPU.ActiveCfg = Debug|Any CPU
		{67F3692F-8BD2-4A1D-8D8E-63C2A01E79D9}.Debug|Any CPU.Build.0 = Debug|Any CPU
		{67F3692F-8BD2-4A1D-8D8E-63C2A01E79D9}.Release|Any CPU.ActiveCfg = Release|Any CPU
		{67F3692F-8BD2-4A1D-8D8E-63C2A01E79D9}.Release|Any CPU.Build.0 = Release|Any CPU
	EndGlobalSection
	GlobalSection(SolutionProperties) = preSolution
		HideSolutionNode = FALSE
	EndGlobalSection
	GlobalSection(ExtensibilityGlobals) = postSolution
		SolutionGuid = {FA0A176C-FB11-49A6-B763-B0FD407E20EB}
	EndGlobalSection
EndGlobal
